
Microsoft Visual Studio Solution File, Format Version 12.00
# Visual Studio Version 17
VisualStudioVersion = 17.1.32421.90
MinimumVisualStudioVersion = 10.0.40219.1
Project("{FAE04EC0-301F-11D3-BF4B-00C04F79EFBC}") = "ActivityFour", "ActivityFour\ActivityFour.csproj", "{04B62A29-B1F8-4BC0-AB2E-B0184C7D27FE}"
EndProject
Global
	GlobalSection(SolutionConfigurationPlatforms) = preSolution
		Debug|Any CPU = Debug|Any CPU
		Release|Any CPU = Release|Any CPU
	EndGlobalSection
	GlobalSection(ProjectConfigurationPlatforms) = postSolution
		{04B62A29-B1F8-4BC0-AB2E-B0184C7D27FE}.Debug|Any CPU.ActiveCfg = Debug|Any CPU
		{04B62A29-B1F8-4BC0-AB2E-B0184C7D27FE}.Debug|Any CPU.Build.0 = Debug|Any CPU
		{04B62A29-B1F8-4BC0-AB2E-B0184C7D27FE}.Release|Any CPU.ActiveCfg = Release|Any CPU
		{04B62A29-B1F8-4BC0-AB2E-B0184C7D27FE}.Release|Any CPU.Build.0 = Release|Any CPU
	EndGlobalSection
	GlobalSection(SolutionProperties) = preSolution
		HideSolutionNode = FALSE
	EndGlobalSection
	GlobalSection(ExtensibilityGlobals) = postSolution
		SolutionGuid = {5DABF28E-6F1E-4561-9705-9C4DFF83A003}
	EndGlobalSection
EndGlobal
